Microsoft Visual Studio Solution File, Format Version 8.00
Project("{8BC9CEB8-8B4A-11D0-8D11-00A0C91BC942}") = "FreevoGenial", "FreevoGenial.vcproj", "{6F914118-7E68-4025-BBE1-C75B8AD7D9F6}"
	ProjectSection(ProjectDependencies) = postProject
		{BF7EAD86-53D3-47A3-99A9-718BAEC1DF26} = {BF7EAD86-53D3-47A3-99A9-718BAEC1DF26}
		{C9C8B7B0-2509-4B8A-9224-9FF04297C33B} = {C9C8B7B0-2509-4B8A-9224-9FF04297C33B}
	EndProjectSection
EndProject
Project("{8BC9CEB8-8B4A-11D0-8D11-00A0C91BC942}") = "XmlRpc", "lib\xmlrpc++0.7\XmlRpc.vcproj", "{C9C8B7B0-2509-4B8A-9224-9FF04297C33B}"
	ProjectSection(ProjectDependencies) = postProject
	EndProjectSection
EndProject
Project("{8BC9CEB8-8B4A-11D0-8D11-00A0C91BC942}") = "argtable2", "lib\argtable2\argtable2.vcproj", "{BF7EAD86-53D3-47A3-99A9-718BAEC1DF26}"
	ProjectSection(ProjectDependencies) = postProject
	EndProjectSection
EndProject
Global
	GlobalSection(SolutionConfiguration) = preSolution
		Debug = Debug
		Release = Release
	EndGlobalSection
	GlobalSection(ProjectConfiguration) = postSolution
		{6F914118-7E68-4025-BBE1-C75B8AD7D9F6}.Debug.ActiveCfg = Debug|Win32
		{6F914118-7E68-4025-BBE1-C75B8AD7D9F6}.Debug.Build.0 = Debug|Win32
		{6F914118-7E68-4025-BBE1-C75B8AD7D9F6}.Release.ActiveCfg = Release|Win32
		{6F914118-7E68-4025-BBE1-C75B8AD7D9F6}.Release.Build.0 = Release|Win32
		{C9C8B7B0-2509-4B8A-9224-9FF04297C33B}.Debug.ActiveCfg = Debug|Win32
		{C9C8B7B0-2509-4B8A-9224-9FF04297C33B}.Debug.Build.0 = Debug|Win32
		{C9C8B7B0-2509-4B8A-9224-9FF04297C33B}.Release.ActiveCfg = Release|Win32
		{C9C8B7B0-2509-4B8A-9224-9FF04297C33B}.Release.Build.0 = Release|Win32
		{BF7EAD86-53D3-47A3-99A9-718BAEC1DF26}.Debug.ActiveCfg = Debug|Win32
		{BF7EAD86-53D3-47A3-99A9-718BAEC1DF26}.Debug.Build.0 = Debug|Win32
		{BF7EAD86-53D3-47A3-99A9-718BAEC1DF26}.Release.ActiveCfg = Release|Win32
		{BF7EAD86-53D3-47A3-99A9-718BAEC1DF26}.Release.Build.0 = Release|Win32
	EndGlobalSection
	GlobalSection(ExtensibilityGlobals) = postSolution
	EndGlobalSection
	GlobalSection(ExtensibilityAddIns) = postSolution
	EndGlobalSection
EndGlobal
